
Microsoft Visual Studio Solution File, Format Version 12.00
# Visual Studio Version 16
VisualStudioVersion = 16.0.32602.291
MinimumVisualStudioVersion = 10.0.40219.1
Project("{FAE04EC0-301F-11D3-BF4B-00C04F79EFBC}") = "Bai1_BuiThanhSon_1751010125", "Bai1_BuiThanhSon_1751010125.csproj", "{C335D9AF-E88E-4C9D-9BE2-2C5EDD669310}"
EndProject
Project("{FAE04EC0-301F-11D3-BF4B-00C04F79EFBC}") = "TestBai1_BuiThanhSon_1751010125", "..\TestBai1_BuiThanhSon_1751010125\TestBai1_BuiThanhSon_1751010125.csproj", "{2817CF99-CEC6-4BBC-9111-401C98BAB333}"
EndProject
Global
	GlobalSection(SolutionConfigurationPlatforms) = preSolution
		Debug|Any CPU = Debug|Any CPU
		Release|Any CPU = Release|Any CPU
	EndGlobalSection
	GlobalSection(ProjectConfigurationPlatforms) = postSolution
		{C335D9AF-E88E-4C9D-9BE2-2C5EDD669310}.Debug|Any CPU.ActiveCfg = Debug|Any CPU
		{C335D9AF-E88E-4C9D-9BE2-2C5EDD669310}.Debug|Any CPU.Build.0 = Debug|Any CPU
		{C335D9AF-E88E-4C9D-9BE2-2C5EDD669310}.Release|Any CPU.ActiveCfg = Release|Any CPU
		{C335D9AF-E88E-4C9D-9BE2-2C5EDD669310}.Release|Any CPU.Build.0 = Release|Any CPU
		{2817CF99-CEC6-4BBC-9111-401C98BAB333}.Debug|Any CPU.ActiveCfg = Debug|Any CPU
		{2817CF99-CEC6-4BBC-9111-401C98BAB333}.Debug|Any CPU.Build.0 = Debug|Any CPU
		{2817CF99-CEC6-4BBC-9111-401C98BAB333}.Release|Any CPU.ActiveCfg = Release|Any CPU
		{2817CF99-CEC6-4BBC-9111-401C98BAB333}.Release|Any CPU.Build.0 = Release|Any CPU
	EndGlobalSection
	GlobalSection(SolutionProperties) = preSolution
		HideSolutionNode = FALSE
	EndGlobalSection
	GlobalSection(ExtensibilityGlobals) = postSolution
		SolutionGuid = {1D0F1ABB-D671-4131-B312-A6DC0787DAF3}
	EndGlobalSection
EndGlobal
